
Microsoft Visual Studio Solution File, Format Version 12.00
# Visual Studio Version 16
VisualStudioVersion = 16.0.29519.181
MinimumVisualStudioVersion = 10.0.40219.1
Project("{FAE04EC0-301F-11D3-BF4B-00C04F79EFBC}") = "Membership_", "Membership_\Membership_.csproj", "{432A80AC-2BC5-462E-9D24-88ABCC8B3020}"
EndProject
Global
	GlobalSection(SolutionConfigurationPlatforms) = preSolution
		Debug|Any CPU = Debug|Any CPU
		Release|Any CPU = Release|Any CPU
	EndGlobalSection
	GlobalSection(ProjectConfigurationPlatforms) = postSolution
		{432A80AC-2BC5-462E-9D24-88ABCC8B3020}.Debug|Any CPU.ActiveCfg = Debug|Any CPU
		{432A80AC-2BC5-462E-9D24-88ABCC8B3020}.Debug|Any CPU.Build.0 = Debug|Any CPU
		{432A80AC-2BC5-462E-9D24-88ABCC8B3020}.Release|Any CPU.ActiveCfg = Release|Any CPU
		{432A80AC-2BC5-462E-9D24-88ABCC8B3020}.Release|Any CPU.Build.0 = Release|Any CPU
	EndGlobalSection
	GlobalSection(SolutionProperties) = preSolution
		HideSolutionNode = FALSE
	EndGlobalSection
	GlobalSection(ExtensibilityGlobals) = postSolution
		SolutionGuid = {CB051AC2-3AF3-4CAD-AF56-4A1710061B1D}
	EndGlobalSection
EndGlobal
